
Microsoft Visual Studio Solution File, Format Version 12.00
# Visual Studio Version 18
VisualStudioVersion = 18.1.11312.151 d18.0
MinimumVisualStudioVersion = 10.0.40219.1
Project("{FAE04EC0-301F-11D3-BF4B-00C04F79EFBC}") = "MoM.Api", "MoM.Api.csproj", "{51BBB038-C6F1-5FC4-4F7B-F9DE5B6662E2}"
EndProject
Global
	GlobalSection(SolutionConfigurationPlatforms) = preSolution
		Debug|Any CPU = Debug|Any CPU
		Release|Any CPU = Release|Any CPU
	EndGlobalSection
	GlobalSection(ProjectConfigurationPlatforms) = postSolution
		{51BBB038-C6F1-5FC4-4F7B-F9DE5B6662E2}.Debug|Any CPU.ActiveCfg = Debug|Any CPU
		{51BBB038-C6F1-5FC4-4F7B-F9DE5B6662E2}.Debug|Any CPU.Build.0 = Debug|Any CPU
		{51BBB038-C6F1-5FC4-4F7B-F9DE5B6662E2}.Release|Any CPU.ActiveCfg = Release|Any CPU
		{51BBB038-C6F1-5FC4-4F7B-F9DE5B6662E2}.Release|Any CPU.Build.0 = Release|Any CPU
	EndGlobalSection
	GlobalSection(SolutionProperties) = preSolution
		HideSolutionNode = FALSE
	EndGlobalSection
	GlobalSection(ExtensibilityGlobals) = postSolution
		SolutionGuid = {A222D285-8888-402A-8615-A585CFB1F3B5}
	EndGlobalSection
EndGlobal
